
Microsoft Visual Studio Solution File, Format Version 12.00
# Visual Studio Version 16
VisualStudioVersion = 16.0.31702.278
MinimumVisualStudioVersion = 10.0.40219.1
Project("{FAE04EC0-301F-11D3-BF4B-00C04F79EFBC}") = "ASP.NET-MVC_2", "ASP.NET-MVC_2\ASP.NET-MVC_2.csproj", "{C9025EEB-8C88-4845-B1BD-18ECB334485A}"
EndProject
Global
	GlobalSection(SolutionConfigurationPlatforms) = preSolution
		Debug|Any CPU = Debug|Any CPU
		Release|Any CPU = Release|Any CPU
	EndGlobalSection
	GlobalSection(ProjectConfigurationPlatforms) = postSolution
		{C9025EEB-8C88-4845-B1BD-18ECB334485A}.Debug|Any CPU.ActiveCfg = Debug|Any CPU
		{C9025EEB-8C88-4845-B1BD-18ECB334485A}.Debug|Any CPU.Build.0 = Debug|Any CPU
		{C9025EEB-8C88-4845-B1BD-18ECB334485A}.Release|Any CPU.ActiveCfg = Release|Any CPU
		{C9025EEB-8C88-4845-B1BD-18ECB334485A}.Release|Any CPU.Build.0 = Release|Any CPU
	EndGlobalSection
	GlobalSection(SolutionProperties) = preSolution
		HideSolutionNode = FALSE
	EndGlobalSection
	GlobalSection(ExtensibilityGlobals) = postSolution
		SolutionGuid = {58D9F1A0-DF81-434D-8660-2DA030FCB4FE}
	EndGlobalSection
EndGlobal
